
Microsoft Visual Studio Solution File, Format Version 12.00
# Visual Studio Version 17
VisualStudioVersion = 17.10.35013.160
MinimumVisualStudioVersion = 10.0.40219.1
Project("{FAE04EC0-301F-11D3-BF4B-00C04F79EFBC}") = "BankAccount", "BankAccount\BankAccount.csproj", "{27075CE2-FD76-4F52-884B-FE81E9557FBD}"
EndProject
Project("{FAE04EC0-301F-11D3-BF4B-00C04F79EFBC}") = "BankAccountTests", "BankAccountTests\BankAccountTests.csproj", "{F4CFE4CF-7D3D-4EDF-91E3-A413F71752CA}"
EndProject
Global
	GlobalSection(SolutionConfigurationPlatforms) = preSolution
		Debug|Any CPU = Debug|Any CPU
		Release|Any CPU = Release|Any CPU
	EndGlobalSection
	GlobalSection(ProjectConfigurationPlatforms) = postSolution
		{27075CE2-FD76-4F52-884B-FE81E9557FBD}.Debug|Any CPU.ActiveCfg = Debug|Any CPU
		{27075CE2-FD76-4F52-884B-FE81E9557FBD}.Debug|Any CPU.Build.0 = Debug|Any CPU
		{27075CE2-FD76-4F52-884B-FE81E9557FBD}.Release|Any CPU.ActiveCfg = Release|Any CPU
		{27075CE2-FD76-4F52-884B-FE81E9557FBD}.Release|Any CPU.Build.0 = Release|Any CPU
		{F4CFE4CF-7D3D-4EDF-91E3-A413F71752CA}.Debug|Any CPU.ActiveCfg = Debug|Any CPU
		{F4CFE4CF-7D3D-4EDF-91E3-A413F71752CA}.Debug|Any CPU.Build.0 = Debug|Any CPU
		{F4CFE4CF-7D3D-4EDF-91E3-A413F71752CA}.Release|Any CPU.ActiveCfg = Release|Any CPU
		{F4CFE4CF-7D3D-4EDF-91E3-A413F71752CA}.Release|Any CPU.Build.0 = Release|Any CPU
	EndGlobalSection
	GlobalSection(SolutionProperties) = preSolution
		HideSolutionNode = FALSE
	EndGlobalSection
	GlobalSection(ExtensibilityGlobals) = postSolution
		SolutionGuid = {D4F524CE-1571-41E8-A6D6-EF35CA87D12E}
	EndGlobalSection
EndGlobal
